// !$*UTF8*$!
{
	archiveVersion = 1;
	classes = {
	};
	objectVersion = 55;
	objects = {

/* Begin PBXBuildFile section */
		7E17EEC5282616C7009B4C1D /* OpenGL.framework in Frameworks */ = {isa = PBXBuildFile; fileRef = 7E17EEC4282616C7009B4C1D /* OpenGL.framework */; };
		7E17EFD5282620AF009B4C1D /* Actor.cpp in Sources */ = {isa = PBXBuildFile; fileRef = 7E17EF98282620A7009B4C1D /* Actor.cpp */; };
		7E17EFD8282620AF009B4C1D /* Application.cpp in Sources */ = {isa = PBXBuildFile; fileRef = 7E17EFAA282620A9009B4C1D /* Application.cpp */; };
		7E17EFDD282620AF009B4C1D /* Renderer.cpp in Sources */ = {isa = PBXBuildFile; fileRef = 7E17EFB2282620AA009B4C1D /* Renderer.cpp */; };
		7E17EFDE282620AF009B4C1D /* Math.cpp in Sources */ = {isa = PBXBuildFile; fileRef = 7E17EFB3282620AA009B4C1D /* Math.cpp */; };
		7E17EFE1282620AF009B4C1D /* Component.cpp in Sources */ = {isa = PBXBuildFile; fileRef = 7E17EFB7282620AA009B4C1D /* Component.cpp */; };
		7E17EFE2282620AF009B4C1D /* main.cpp in Sources */ = {isa = PBXBuildFile; fileRef = 7E17EFB8282620AA009B4C1D /* main.cpp */; };
		7E17EFE3282620AF009B4C1D /* Shader.cpp in Sources */ = {isa = PBXBuildFile; fileRef = 7E17EFB9282620AB009B4C1D /* Shader.cpp */; };
		7E17EFE4282620AF009B4C1D /* SpriteComponent.cpp in Sources */ = {isa = PBXBuildFile; fileRef = 7E17EFBB282620AB009B4C1D /* SpriteComponent.cpp */; };
		7E17EFE8282620AF009B4C1D /* InputSystem.cpp in Sources */ = {isa = PBXBuildFile; fileRef = 7E17EFC5282620AD009B4C1D /* InputSystem.cpp */; };
		7E17EFED282620AF009B4C1D /* Texture.cpp in Sources */ = {isa = PBXBuildFile; fileRef = 7E17EFD0282620AF009B4C1D /* Texture.cpp */; };
		7E99349C28263A1A00E78653 /* VertexArray.cpp in Sources */ = {isa = PBXBuildFile; fileRef = 7E99346728263A1A00E78653 /* VertexArray.cpp */; };
		7E9934A228263AB100E78653 /* Polygon.cpp in Sources */ = {isa = PBXBuildFile; fileRef = 7E9934A128263AB100E78653 /* Polygon.cpp */; };
/* End PBXBuildFile section */

/* Begin PBXCopyFilesBuildPhase section */
		7E17EE7328261663009B4C1D /* CopyFiles */ = {
			isa = PBXCopyFilesBuildPhase;
			buildActionMask = 2147483647;
			dstPath = /usr/share/man/man1/;
			dstSubfolderSpec = 0;
			files = (
			);
			runOnlyForDeploymentPostprocessing = 1;
		};
/* End PBXCopyFilesBuildPhase section */

/* Begin PBXFileReference section */
		7E17EE7528261663009B4C1D /* FlappyBird */ = {isa = PBXFileReference; explicitFileType = "compiled.mach-o.executable"; includeInIndex = 0; path = FlappyBird; sourceTree = BUILT_PRODUCTS_DIR; };
		7E17EEB72826168A009B4C1D /* Phong.frag */ = {isa = PBXFileReference; lastKnownFileType = sourcecode.glsl; path = Phong.frag; sourceTree = "<group>"; };
		7E17EEB82826168A009B4C1D /* BasicMesh.vert */ = {isa = PBXFileReference; lastKnownFileType = sourcecode.glsl; path = BasicMesh.vert; sourceTree = "<group>"; };
		7E17EEB92826168A009B4C1D /* Particle.frag */ = {isa = PBXFileReference; lastKnownFileType = sourcecode.glsl; path = Particle.frag; sourceTree = "<group>"; };
		7E17EEBA2826168A009B4C1D /* Sprite.vert */ = {isa = PBXFileReference; lastKnownFileType = sourcecode.glsl; path = Sprite.vert; sourceTree = "<group>"; };
		7E17EEBB2826168A009B4C1D /* Billboard.vert */ = {isa = PBXFileReference; lastKnownFileType = sourcecode.glsl; path = Billboard.vert; sourceTree = "<group>"; };
		7E17EEBC2826168A009B4C1D /* BasicMesh.frag */ = {isa = PBXFileReference; lastKnownFileType = sourcecode.glsl; path = BasicMesh.frag; sourceTree = "<group>"; };
		7E17EEBD2826168A009B4C1D /* Phong.vert */ = {isa = PBXFileReference; lastKnownFileType = sourcecode.glsl; path = Phong.vert; sourceTree = "<group>"; };
		7E17EEBE2826168A009B4C1D /* Skinned.vert */ = {isa = PBXFileReference; lastKnownFileType = sourcecode.glsl; path = Skinned.vert; sourceTree = "<group>"; };
		7E17EEBF2826168A009B4C1D /* Sprite.frag */ = {isa = PBXFileReference; lastKnownFileType = sourcecode.glsl; path = Sprite.frag; sourceTree = "<group>"; };
		7E17EEC4282616C7009B4C1D /* OpenGL.framework */ = {isa = PBXFileReference; lastKnownFileType = wrapper.framework; name = OpenGL.framework; path = System/Library/Frameworks/OpenGL.framework; sourceTree = SDKROOT; };
		7E17EF8D282620A6009B4C1D /* Math.h */ = {isa = PBXFileReference; fileEncoding = 4; lastKnownFileType = sourcecode.c.h; path = Math.h; sourceTree = "<group>"; };
		7E17EF98282620A7009B4C1D /* Actor.cpp */ = {isa = PBXFileReference; fileEncoding = 4; lastKnownFileType = sourcecode.cpp.cpp; path = Actor.cpp; sourceTree = "<group>"; };
		7E17EF9A282620A8009B4C1D /* SpriteComponent.h */ = {isa = PBXFileReference; fileEncoding = 4; lastKnownFileType = sourcecode.c.h; path = SpriteComponent.h; sourceTree = "<group>"; };
		7E17EFA6282620A8009B4C1D /* Component.h */ = {isa = PBXFileReference; fileEncoding = 4; lastKnownFileType = sourcecode.c.h; path = Component.h; sourceTree = "<group>"; };
		7E17EFA8282620A8009B4C1D /* Texture.h */ = {isa = PBXFileReference; fileEncoding = 4; lastKnownFileType = sourcecode.c.h; path = Texture.h; sourceTree = "<group>"; };
		7E17EFAA282620A9009B4C1D /* Application.cpp */ = {isa = PBXFileReference; fileEncoding = 4; lastKnownFileType = sourcecode.cpp.cpp; path = Application.cpp; sourceTree = "<group>"; };
		7E17EFAF282620A9009B4C1D /* Renderer.h */ = {isa = PBXFileReference; fileEncoding = 4; lastKnownFileType = sourcecode.c.h; path = Renderer.h; sourceTree = "<group>"; };
		7E17EFB2282620AA009B4C1D /* Renderer.cpp */ = {isa = PBXFileReference; fileEncoding = 4; lastKnownFileType = sourcecode.cpp.cpp; path = Renderer.cpp; sourceTree = "<group>"; };
		7E17EFB3282620AA009B4C1D /* Math.cpp */ = {isa = PBXFileReference; fileEncoding = 4; lastKnownFileType = sourcecode.cpp.cpp; path = Math.cpp; sourceTree = "<group>"; };
		7E17EFB7282620AA009B4C1D /* Component.cpp */ = {isa = PBXFileReference; fileEncoding = 4; lastKnownFileType = sourcecode.cpp.cpp; path = Component.cpp; sourceTree = "<group>"; };
		7E17EFB8282620AA009B4C1D /* main.cpp */ = {isa = PBXFileReference; fileEncoding = 4; lastKnownFileType = sourcecode.cpp.cpp; path = main.cpp; sourceTree = "<group>"; };
		7E17EFB9282620AB009B4C1D /* Shader.cpp */ = {isa = PBXFileReference; fileEncoding = 4; lastKnownFileType = sourcecode.cpp.cpp; path = Shader.cpp; sourceTree = "<group>"; };
		7E17EFBB282620AB009B4C1D /* SpriteComponent.cpp */ = {isa = PBXFileReference; fileEncoding = 4; lastKnownFileType = sourcecode.cpp.cpp; path = SpriteComponent.cpp; sourceTree = "<group>"; };
		7E17EFBD282620AC009B4C1D /* Application.h */ = {isa = PBXFileReference; fileEncoding = 4; lastKnownFileType = sourcecode.c.h; path = Application.h; sourceTree = "<group>"; };
		7E17EFC4282620AD009B4C1D /* InputSystem.h */ = {isa = PBXFileReference; fileEncoding = 4; lastKnownFileType = sourcecode.c.h; path = InputSystem.h; sourceTree = "<group>"; };
		7E17EFC5282620AD009B4C1D /* InputSystem.cpp */ = {isa = PBXFileReference; fileEncoding = 4; lastKnownFileType = sourcecode.cpp.cpp; path = InputSystem.cpp; sourceTree = "<group>"; };
		7E17EFC6282620AD009B4C1D /* Actor.h */ = {isa = PBXFileReference; fileEncoding = 4; lastKnownFileType = sourcecode.c.h; path = Actor.h; sourceTree = "<group>"; };
		7E17EFC8282620AD009B4C1D /* Shader.h */ = {isa = PBXFileReference; fileEncoding = 4; lastKnownFileType = sourcecode.c.h; path = Shader.h; sourceTree = "<group>"; };
		7E17EFD0282620AF009B4C1D /* Texture.cpp */ = {isa = PBXFileReference; fileEncoding = 4; lastKnownFileType = sourcecode.cpp.cpp; path = Texture.cpp; sourceTree = "<group>"; };
		7E99345E28263A1900E78653 /* VertexArray.h */ = {isa = PBXFileReference; fileEncoding = 4; lastKnownFileType = sourcecode.c.h; path = VertexArray.h; sourceTree = "<group>"; };
		7E99346728263A1A00E78653 /* VertexArray.cpp */ = {isa = PBXFileReference; fileEncoding = 4; lastKnownFileType = sourcecode.cpp.cpp; path = VertexArray.cpp; sourceTree = "<group>"; };
		7E9934A028263AB100E78653 /* Polygon.h */ = {isa = PBXFileReference; lastKnownFileType = sourcecode.c.h; path = Polygon.h; sourceTree = "<group>"; };
		7E9934A128263AB100E78653 /* Polygon.cpp */ = {isa = PBXFileReference; lastKnownFileType = sourcecode.cpp.cpp; path = Polygon.cpp; sourceTree = "<group>"; };
/* End PBXFileReference section */

/* Begin PBXFrameworksBuildPhase section */
		7E17EE7228261663009B4C1D /* Frameworks */ = {
			isa = PBXFrameworksBuildPhase;
			buildActionMask = 2147483647;
			files = (
				7E17EEC5282616C7009B4C1D /* OpenGL.framework in Frameworks */,
			);
			runOnlyForDeploymentPostprocessing = 0;
		};
/* End PBXFrameworksBuildPhase section */

/* Begin PBXGroup section */
		7E17EE6C28261663009B4C1D = {
			isa = PBXGroup;
			children = (
				7E17EE7728261663009B4C1D /* FlappyBird */,
				7E17EE7628261663009B4C1D /* Products */,
				7E17EEC3282616C7009B4C1D /* Frameworks */,
			);
			sourceTree = "<group>";
		};
		7E17EE7628261663009B4C1D /* Products */ = {
			isa = PBXGroup;
			children = (
				7E17EE7528261663009B4C1D /* FlappyBird */,
			);
			name = Products;
			sourceTree = "<group>";
		};
		7E17EE7728261663009B4C1D /* FlappyBird */ = {
			isa = PBXGroup;
			children = (
				7E9934A128263AB100E78653 /* Polygon.cpp */,
				7E9934A028263AB100E78653 /* Polygon.h */,
				7E99346B28263A1A00E78653 /* Assets */,
				7E99346728263A1A00E78653 /* VertexArray.cpp */,
				7E99345E28263A1900E78653 /* VertexArray.h */,
				7E17EF98282620A7009B4C1D /* Actor.cpp */,
				7E17EFC6282620AD009B4C1D /* Actor.h */,
				7E17EFAA282620A9009B4C1D /* Application.cpp */,
				7E17EFBD282620AC009B4C1D /* Application.h */,
				7E17EFB7282620AA009B4C1D /* Component.cpp */,
				7E17EFA6282620A8009B4C1D /* Component.h */,
				7E17EFC5282620AD009B4C1D /* InputSystem.cpp */,
				7E17EFC4282620AD009B4C1D /* InputSystem.h */,
				7E17EFB8282620AA009B4C1D /* main.cpp */,
				7E17EFB3282620AA009B4C1D /* Math.cpp */,
				7E17EF8D282620A6009B4C1D /* Math.h */,
				7E17EFB2282620AA009B4C1D /* Renderer.cpp */,
				7E17EFAF282620A9009B4C1D /* Renderer.h */,
				7E17EFB9282620AB009B4C1D /* Shader.cpp */,
				7E17EFC8282620AD009B4C1D /* Shader.h */,
				7E17EFBB282620AB009B4C1D /* SpriteComponent.cpp */,
				7E17EF9A282620A8009B4C1D /* SpriteComponent.h */,
				7E17EFD0282620AF009B4C1D /* Texture.cpp */,
				7E17EFA8282620A8009B4C1D /* Texture.h */,
				7E17EEB62826168A009B4C1D /* Shaders */,
			);
			path = FlappyBird;
			sourceTree = "<group>";
		};
		7E17EEB62826168A009B4C1D /* Shaders */ = {
			isa = PBXGroup;
			children = (
				7E17EEB72826168A009B4C1D /* Phong.frag */,
				7E17EEB82826168A009B4C1D /* BasicMesh.vert */,
				7E17EEB92826168A009B4C1D /* Particle.frag */,
				7E17EEBA2826168A009B4C1D /* Sprite.vert */,
				7E17EEBB2826168A009B4C1D /* Billboard.vert */,
				7E17EEBC2826168A009B4C1D /* BasicMesh.frag */,
				7E17EEBD2826168A009B4C1D /* Phong.vert */,
				7E17EEBE2826168A009B4C1D /* Skinned.vert */,
				7E17EEBF2826168A009B4C1D /* Sprite.frag */,
			);
			path = Shaders;
			sourceTree = "<group>";
		};
		7E17EEC3282616C7009B4C1D /* Frameworks */ = {
			isa = PBXGroup;
			children = (
				7E17EEC4282616C7009B4C1D /* OpenGL.framework */,
			);
			name = Frameworks;
			sourceTree = "<group>";
		};
		7E99346B28263A1A00E78653 /* Assets */ = {
			isa = PBXGroup;
			children = (
			);
			path = Assets;
			sourceTree = "<group>";
		};
/* End PBXGroup section */

/* Begin PBXNativeTarget section */
		7E17EE7428261663009B4C1D /* FlappyBird */ = {
			isa = PBXNativeTarget;
			buildConfigurationList = 7E17EE7C28261663009B4C1D /* Build configuration list for PBXNativeTarget "FlappyBird" */;
			buildPhases = (
				7E17EE7128261663009B4C1D /* Sources */,
				7E17EE7228261663009B4C1D /* Frameworks */,
				7E17EE7328261663009B4C1D /* CopyFiles */,
			);
			buildRules = (
			);
			dependencies = (
			);
			name = FlappyBird;
			productName = FlappyBird;
			productReference = 7E17EE7528261663009B4C1D /* FlappyBird */;
			productType = "com.apple.product-type.tool";
		};
/* End PBXNativeTarget section */

/* Begin PBXProject section */
		7E17EE6D28261663009B4C1D /* Project object */ = {
			isa = PBXProject;
			attributes = {
				BuildIndependentTargetsInParallel = 1;
				LastUpgradeCheck = 1330;
				TargetAttributes = {
					7E17EE7428261663009B4C1D = {
						CreatedOnToolsVersion = 13.3.1;
					};
				};
			};
			buildConfigurationList = 7E17EE7028261663009B4C1D /* Build configuration list for PBXProject "FlappyBird" */;
			compatibilityVersion = "Xcode 13.0";
			developmentRegion = en;
			hasScannedForEncodings = 0;
			knownRegions = (
				en,
				Base,
			);
			mainGroup = 7E17EE6C28261663009B4C1D;
			productRefGroup = 7E17EE7628261663009B4C1D /* Products */;
			projectDirPath = "";
			projectRoot = "";
			targets = (
				7E17EE7428261663009B4C1D /* FlappyBird */,
			);
		};
/* End PBXProject section */

/* Begin PBXSourcesBuildPhase section */
		7E17EE7128261663009B4C1D /* Sources */ = {
			isa = PBXSourcesBuildPhase;
			buildActionMask = 2147483647;
			files = (
				7E17EFDE282620AF009B4C1D /* Math.cpp in Sources */,
				7E17EFE4282620AF009B4C1D /* SpriteComponent.cpp in Sources */,
				7E17EFE2282620AF009B4C1D /* main.cpp in Sources */,
				7E17EFDD282620AF009B4C1D /* Renderer.cpp in Sources */,
				7E17EFE8282620AF009B4C1D /* InputSystem.cpp in Sources */,
				7E17EFD8282620AF009B4C1D /* Application.cpp in Sources */,
				7E17EFD5282620AF009B4C1D /* Actor.cpp in Sources */,
				7E17EFE1282620AF009B4C1D /* Component.cpp in Sources */,
				7E9934A228263AB100E78653 /* Polygon.cpp in Sources */,
				7E99349C28263A1A00E78653 /* VertexArray.cpp in Sources */,
				7E17EFED282620AF009B4C1D /* Texture.cpp in Sources */,
				7E17EFE3282620AF009B4C1D /* Shader.cpp in Sources */,
			);
			runOnlyForDeploymentPostprocessing = 0;
		};
/* End PBXSourcesBuildPhase section */

/* Begin XCBuildConfiguration section */
		7E17EE7A28261663009B4C1D /* Debug */ = {
			isa = XCBuildConfiguration;
			buildSettings = {
				ALWAYS_SEARCH_USER_PATHS = NO;
				CLANG_ANALYZER_NONNULL = YES;
				CLANG_ANALYZER_NUMBER_OBJECT_CONVERSION = YES_AGGRESSIVE;
				CLANG_CXX_LANGUAGE_STANDARD = "gnu++17";
				CLANG_ENABLE_MODULES = YES;
				CLANG_ENABLE_OBJC_ARC = YES;
				CLANG_ENABLE_OBJC_WEAK = YES;
				CLANG_WARN_BLOCK_CAPTURE_AUTORELEASING = YES;
				CLANG_WARN_BOOL_CONVERSION = YES;
				CLANG_WARN_COMMA = YES;
				CLANG_WARN_CONSTANT_CONVERSION = YES;
				CLANG_WARN_DEPRECATED_OBJC_IMPLEMENTATIONS = YES;
				CLANG_WARN_DIRECT_OBJC_ISA_USAGE = YES_ERROR;
				CLANG_WARN_DOCUMENTATION_COMMENTS = YES;
				CLANG_WARN_EMPTY_BODY = YES;
				CLANG_WARN_ENUM_CONVERSION = YES;
				CLANG_WARN_INFINITE_RECURSION = YES;
				CLANG_WARN_INT_CONVERSION = YES;
				CLANG_WARN_NON_LITERAL_NULL_CONVERSION = YES;
				CLANG_WARN_OBJC_IMPLICIT_RETAIN_SELF = YES;
				CLANG_WARN_OBJC_LITERAL_CONVERSION = YES;
				CLANG_WARN_OBJC_ROOT_CLASS = YES_ERROR;
				CLANG_WARN_QUOTED_INCLUDE_IN_FRAMEWORK_HEADER = YES;
				CLANG_WARN_RANGE_LOOP_ANALYSIS = YES;
				CLANG_WARN_STRICT_PROTOTYPES = YES;
				CLANG_WARN_SUSPICIOUS_MOVE = YES;
				CLANG_WARN_UNGUARDED_AVAILABILITY = YES_AGGRESSIVE;
				CLANG_WARN_UNREACHABLE_CODE = YES;
				CLANG_WARN__DUPLICATE_METHOD_MATCH = YES;
				COPY_PHASE_STRIP = NO;
				DEBUG_INFORMATION_FORMAT = dwarf;
				ENABLE_STRICT_OBJC_MSGSEND = YES;
				ENABLE_TESTABILITY = YES;
				GCC_C_LANGUAGE_STANDARD = gnu11;
				GCC_DYNAMIC_NO_PIC = NO;
				GCC_NO_COMMON_BLOCKS = YES;
				GCC_OPTIMIZATION_LEVEL = 0;
				GCC_PREPROCESSOR_DEFINITIONS = (
					"DEBUG=1",
					"$(inherited)",
				);
				GCC_WARN_64_TO_32_BIT_CONVERSION = YES;
				GCC_WARN_ABOUT_RETURN_TYPE = YES_ERROR;
				GCC_WARN_UNDECLARED_SELECTOR = YES;
				GCC_WARN_UNINITIALIZED_AUTOS = YES_AGGRESSIVE;
				GCC_WARN_UNUSED_FUNCTION = YES;
				GCC_WARN_UNUSED_VARIABLE = YES;
				MACOSX_DEPLOYMENT_TARGET = 12.3;
				MTL_ENABLE_DEBUG_INFO = INCLUDE_SOURCE;
				MTL_FAST_MATH = YES;
				ONLY_ACTIVE_ARCH = YES;
				SDKROOT = macosx;
			};
			name = Debug;
		};
		7E17EE7B28261663009B4C1D /* Release */ = {
			isa = XCBuildConfiguration;
			buildSettings = {
				ALWAYS_SEARCH_USER_PATHS = NO;
				CLANG_ANALYZER_NONNULL = YES;
				CLANG_ANALYZER_NUMBER_OBJECT_CONVERSION = YES_AGGRESSIVE;
				CLANG_CXX_LANGUAGE_STANDARD = "gnu++17";
				CLANG_ENABLE_MODULES = YES;
				CLANG_ENABLE_OBJC_ARC = YES;
				CLANG_ENABLE_OBJC_WEAK = YES;
				CLANG_WARN_BLOCK_CAPTURE_AUTORELEASING = YES;
				CLANG_WARN_BOOL_CONVERSION = YES;
				CLANG_WARN_COMMA = YES;
				CLANG_WARN_CONSTANT_CONVERSION = YES;
				CLANG_WARN_DEPRECATED_OBJC_IMPLEMENTATIONS = YES;
				CLANG_WARN_DIRECT_OBJC_ISA_USAGE = YES_ERROR;
				CLANG_WARN_DOCUMENTATION_COMMENTS = YES;
				CLANG_WARN_EMPTY_BODY = YES;
				CLANG_WARN_ENUM_CONVERSION = YES;
				CLANG_WARN_INFINITE_RECURSION = YES;
				CLANG_WARN_INT_CONVERSION = YES;
				CLANG_WARN_NON_LITERAL_NULL_CONVERSION = YES;
				CLANG_WARN_OBJC_IMPLICIT_RETAIN_SELF = YES;
				CLANG_WARN_OBJC_LITERAL_CONVERSION = YES;
				CLANG_WARN_OBJC_ROOT_CLASS = YES_ERROR;
				CLANG_WARN_QUOTED_INCLUDE_IN_FRAMEWORK_HEADER = YES;
				CLANG_WARN_RANGE_LOOP_ANALYSIS = YES;
				CLANG_WARN_STRICT_PROTOTYPES = YES;
				CLANG_WARN_SUSPICIOUS_MOVE = YES;
				CLANG_WARN_UNGUARDED_AVAILABILITY = YES_AGGRESSIVE;
				CLANG_WARN_UNREACHABLE_CODE = YES;
				CLANG_WARN__DUPLICATE_METHOD_MATCH = YES;
				COPY_PHASE_STRIP = NO;
				DEBUG_INFORMATION_FORMAT = "dwarf-with-dsym";
				ENABLE_NS_ASSERTIONS = NO;
				ENABLE_STRICT_OBJC_MSGSEND = YES;
				GCC_C_LANGUAGE_STANDARD = gnu11;
				GCC_NO_COMMON_BLOCKS = YES;
				GCC_WARN_64_TO_32_BIT_CONVERSION = YES;
				GCC_WARN_ABOUT_RETURN_TYPE = YES_ERROR;
				GCC_WARN_UNDECLARED_SELECTOR = YES;
				GCC_WARN_UNINITIALIZED_AUTOS = YES_AGGRESSIVE;
				GCC_WARN_UNUSED_FUNCTION = YES;
				GCC_WARN_UNUSED_VARIABLE = YES;
				MACOSX_DEPLOYMENT_TARGET = 12.3;
				MTL_ENABLE_DEBUG_INFO = NO;
				MTL_FAST_MATH = YES;
				SDKROOT = macosx;
			};
			name = Release;
		};
		7E17EE7D28261663009B4C1D /* Debug */ = {
			isa = XCBuildConfiguration;
			buildSettings = {
				CODE_SIGN_STYLE = Automatic;
				"HEADER_SEARCH_PATHS[arch=*]" = /usr/local/include;
				LIBRARY_SEARCH_PATHS = /usr/local/lib;
				"OTHER_LDFLAGS[arch=*]" = (
					"-lassimp",
					"-lglew",
					"-lsdl2_image",
					"-lsdl2",
				);
				PRODUCT_NAME = "$(TARGET_NAME)";
			};
			name = Debug;
		};
		7E17EE7E28261663009B4C1D /* Release */ = {
			isa = XCBuildConfiguration;
			buildSettings = {
				CODE_SIGN_STYLE = Automatic;
				LIBRARY_SEARCH_PATHS = /usr/local/lib;
				PRODUCT_NAME = "$(TARGET_NAME)";
			};
			name = Release;
		};
/* End XCBuildConfiguration section */

/* Begin XCConfigurationList section */
		7E17EE7028261663009B4C1D /* Build configuration list for PBXProject "FlappyBird" */ = {
			isa = XCConfigurationList;
			buildConfigurations = (
				7E17EE7A28261663009B4C1D /* Debug */,
				7E17EE7B28261663009B4C1D /* Release */,
			);
			defaultConfigurationIsVisible = 0;
			defaultConfigurationName = Release;
		};
		7E17EE7C28261663009B4C1D /* Build configuration list for PBXNativeTarget "FlappyBird" */ = {
			isa = XCConfigurationList;
			buildConfigurations = (
				7E17EE7D28261663009B4C1D /* Debug */,
				7E17EE7E28261663009B4C1D /* Release */,
			);
			defaultConfigurationIsVisible = 0;
			defaultConfigurationName = Release;
		};
/* End XCConfigurationList section */
	};
	rootObject = 7E17EE6D28261663009B4C1D /* Project object */;
}
